
Microsoft Visual Studio Solution File, Format Version 12.00
# Visual Studio 15
VisualStudioVersion = 15.0.27130.2010
MinimumVisualStudioVersion = 10.0.40219.1
Project("{FAE04EC0-301F-11D3-BF4B-00C04F79EFBC}") = "EveTools", "EveTools\EveTools.csproj", "{7461872E-809C-4F61-AA26-53F4368FB309}"
EndProject
Global
	GlobalSection(SolutionConfigurationPlatforms) = preSolution
		Debug|Any CPU = Debug|Any CPU
		Release|Any CPU = Release|Any CPU
	EndGlobalSection
	GlobalSection(ProjectConfigurationPlatforms) = postSolution
		{7461872E-809C-4F61-AA26-53F4368FB309}.Debug|Any CPU.ActiveCfg = Debug|Any CPU
		{7461872E-809C-4F61-AA26-53F4368FB309}.Debug|Any CPU.Build.0 = Debug|Any CPU
		{7461872E-809C-4F61-AA26-53F4368FB309}.Release|Any CPU.ActiveCfg = Release|Any CPU
		{7461872E-809C-4F61-AA26-53F4368FB309}.Release|Any CPU.Build.0 = Release|Any CPU
	EndGlobalSection
	GlobalSection(SolutionProperties) = preSolution
		HideSolutionNode = FALSE
	EndGlobalSection
	GlobalSection(ExtensibilityGlobals) = postSolution
		SolutionGuid = {E3C554A6-00BB-4D25-880D-A32534A46692}
	EndGlobalSection
EndGlobal
